
Microsoft Visual Studio Solution File, Format Version 12.00
# Visual Studio 15
VisualStudioVersion = 15.0.26730.12
MinimumVisualStudioVersion = 10.0.40219.1
Project("{FAE04EC0-301F-11D3-BF4B-00C04F79EFBC}") = "MissionAuth", "MissionAuth\MissionAuth.csproj", "{CD01710E-EC98-4A1A-9F84-1F613EB1E76C}"
EndProject
Global
	GlobalSection(SolutionConfigurationPlatforms) = preSolution
		Debug|Any CPU = Debug|Any CPU
		Release|Any CPU = Release|Any CPU
	EndGlobalSection
	GlobalSection(ProjectConfigurationPlatforms) = postSolution
		{CD01710E-EC98-4A1A-9F84-1F613EB1E76C}.Debug|Any CPU.ActiveCfg = Debug|Any CPU
		{CD01710E-EC98-4A1A-9F84-1F613EB1E76C}.Debug|Any CPU.Build.0 = Debug|Any CPU
		{CD01710E-EC98-4A1A-9F84-1F613EB1E76C}.Release|Any CPU.ActiveCfg = Release|Any CPU
		{CD01710E-EC98-4A1A-9F84-1F613EB1E76C}.Release|Any CPU.Build.0 = Release|Any CPU
	EndGlobalSection
	GlobalSection(SolutionProperties) = preSolution
		HideSolutionNode = FALSE
	EndGlobalSection
	GlobalSection(ExtensibilityGlobals) = postSolution
		SolutionGuid = {92B854EB-75C6-44D9-ABB7-697B681E20DE}
	EndGlobalSection
EndGlobal
